
Microsoft Visual Studio Solution File, Format Version 11.00
# Visual Studio 2010
Project("{FAE04EC0-301F-11D3-BF4B-00C04F79EFBC}") = "Assembly-CSharp", "Assembly-CSharp.csproj", "{6D532DAE-2DC9-3466-F53E-841BFF942981}"
EndProject
Project("{FAE04EC0-301F-11D3-BF4B-00C04F79EFBC}") = "Assembly-CSharp-Editor", "Assembly-CSharp-Editor.csproj", "{EFD24B39-6D86-0A58-DBE6-077898FCFBE8}"
EndProject
Global
	GlobalSection(SolutionConfigurationPlatforms) = preSolution
		Debug|Any CPU = Debug|Any CPU
		Release|Any CPU = Release|Any CPU
	EndGlobalSection
	GlobalSection(ProjectConfigurationPlatforms) = postSolution
		{6D532DAE-2DC9-3466-F53E-841BFF942981}.Debug|Any CPU.ActiveCfg = Debug|Any CPU
		{6D532DAE-2DC9-3466-F53E-841BFF942981}.Debug|Any CPU.Build.0 = Debug|Any CPU
		{6D532DAE-2DC9-3466-F53E-841BFF942981}.Release|Any CPU.ActiveCfg = Release|Any CPU
		{6D532DAE-2DC9-3466-F53E-841BFF942981}.Release|Any CPU.Build.0 = Release|Any CPU
		{EFD24B39-6D86-0A58-DBE6-077898FCFBE8}.Debug|Any CPU.ActiveCfg = Debug|Any CPU
		{EFD24B39-6D86-0A58-DBE6-077898FCFBE8}.Debug|Any CPU.Build.0 = Debug|Any CPU
		{EFD24B39-6D86-0A58-DBE6-077898FCFBE8}.Release|Any CPU.ActiveCfg = Release|Any CPU
		{EFD24B39-6D86-0A58-DBE6-077898FCFBE8}.Release|Any CPU.Build.0 = Release|Any CPU
	EndGlobalSection
	GlobalSection(SolutionProperties) = preSolution
		HideSolutionNode = FALSE
	EndGlobalSection
	GlobalSection(MonoDevelopProperties) = preSolution
		StartupItem = Assembly-CSharp.csproj
	EndGlobalSection
EndGlobal
